
Microsoft Visual Studio Solution File, Format Version 12.00
# Visual Studio Version 17
VisualStudioVersion = 17.0.31815.197
MinimumVisualStudioVersion = 10.0.40219.1
Project("{2150E333-8FDC-42A3-9474-1A3956D46DE8}") = "App", "App", "{2ABFE6D3-F6A5-4EAF-A509-655700112214}"
EndProject
Project("{2150E333-8FDC-42A3-9474-1A3956D46DE8}") = "Tests", "Tests", "{2A50C8A1-DBA6-42AF-9B7B-C164B519ED79}"
EndProject
Project("{2150E333-8FDC-42A3-9474-1A3956D46DE8}") = "Rnd", "Rnd", "{D3C42404-6E98-4AE8-92E4-F18B51B13B3A}"
EndProject
Project("{9A19103F-16F7-4668-BE54-9A1E7A4F7556}") = "BlueHarvest.Core", "App\BlueHarvest.Core\BlueHarvest.Core.csproj", "{92AB27F6-5641-4B10-BE28-04880BE3377C}"
EndProject
Project("{9A19103F-16F7-4668-BE54-9A1E7A4F7556}") = "BlueHarvest.Core.Tests", "Tests\BlueHarvest.Core.Tests\BlueHarvest.Core.Tests.csproj", "{8122F584-D78D-4D3B-8031-462DAAF97E04}"
EndProject
Project("{9A19103F-16F7-4668-BE54-9A1E7A4F7556}") = "BlueHarvest.Core.Rnd", "Rnd\BlueHarvest.Core.Rnd\BlueHarvest.Core.Rnd.csproj", "{522FCEA4-9241-4EDC-B4BF-5BA410AE9C2F}"
EndProject
Project("{9A19103F-16F7-4668-BE54-9A1E7A4F7556}") = "BlueHarvest.Web", "App\BlueHarvest.Web\BlueHarvest.Web.csproj", "{8B2DD3F5-1DD1-482E-8445-70A3AB6DA44E}"
EndProject
Project("{2150E333-8FDC-42A3-9474-1A3956D46DE8}") = "_Solution Items", "_Solution Items", "{B07BAED5-44FB-4CDE-B0A6-51F3E38EE24F}"
	ProjectSection(SolutionItems) = preProject
		.editorconfig = .editorconfig
		.gitignore = .gitignore
		notes.md = notes.md
		README.md = README.md
		RunServerCLI.bat = RunServerCLI.bat
	EndProjectSection
EndProject
Project("{FAE04EC0-301F-11D3-BF4B-00C04F79EFBC}") = "BlueHarvest.API", "App\BlueHarvest.API\BlueHarvest.API.csproj", "{2CE123C5-601E-4FAA-B72E-D6E39E623541}"
EndProject
Project("{FAE04EC0-301F-11D3-BF4B-00C04F79EFBC}") = "BlueHarvest.Core.IntegrationTests", "Tests\BlueHarvest.Core.IntegrationTests\BlueHarvest.Core.IntegrationTests.csproj", "{27ACE996-3CCF-45B2-9C76-0C36BBBAFC26}"
EndProject
Project("{FAE04EC0-301F-11D3-BF4B-00C04F79EFBC}") = "BlueHarvest.API.Tests", "Tests\BlueHarvest.API.Tests\BlueHarvest.API.Tests.csproj", "{B381A946-ACCA-4C53-AF0C-A774D5FF6FD7}"
EndProject
Project("{FAE04EC0-301F-11D3-BF4B-00C04F79EFBC}") = "BlueHarvest.CLI", "App\BlueHarvest.CLI\BlueHarvest.CLI.csproj", "{3817E3A5-EF3D-47C4-B660-45CEAA469E1B}"
EndProject
Project("{FAE04EC0-301F-11D3-BF4B-00C04F79EFBC}") = "BlueHarvest.CLI.Rnd", "Rnd\BlueHarvest.CLI.Rnd\BlueHarvest.CLI.Rnd.csproj", "{A629DC50-4C3A-4741-AD17-782A98775ED8}"
EndProject
Project("{FAE04EC0-301F-11D3-BF4B-00C04F79EFBC}") = "BlueHarvest.Core.Rnd.Tests", "Rnd\BlueHarvest.Core.Rnd.Tests\BlueHarvest.Core.Rnd.Tests.csproj", "{5088B5A5-9FCD-4286-B02D-C8F07F3A7627}"
EndProject
Project("{2150E333-8FDC-42A3-9474-1A3956D46DE8}") = "App.ConSoul", "App.ConSoul", "{FE892C8D-FC02-4A4B-B9F3-62894164456F}"
EndProject
Project("{FAE04EC0-301F-11D3-BF4B-00C04F79EFBC}") = "BlueHarvest.Consoul.Common", "App.ConSoul\BlueHarvest.ConSoul.Common\BlueHarvest.Consoul.Common.csproj", "{9447F4E3-6327-4CAE-A8F0-6A1A649A8E69}"
EndProject
Project("{FAE04EC0-301F-11D3-BF4B-00C04F79EFBC}") = "BlueHarvest.Consoul.BuilderRnD", "App.ConSoul\BlueHarvest.ConSoul.BuilderRnD\BlueHarvest.Consoul.BuilderRnD.csproj", "{1C1A9EE4-5E80-4DFC-9618-620877D38101}"
EndProject
Project("{FAE04EC0-301F-11D3-BF4B-00C04F79EFBC}") = "BlueHarvest.Consoul", "App.ConSoul\BlueHarvest.ConSoul\BlueHarvest.Consoul.csproj", "{C7C52193-8E75-4300-A141-944E596F9866}"
EndProject
Global
	GlobalSection(SolutionConfigurationPlatforms) = preSolution
		Debug|Any CPU = Debug|Any CPU
		Release|Any CPU = Release|Any CPU
	EndGlobalSection
	GlobalSection(ProjectConfigurationPlatforms) = postSolution
		{92AB27F6-5641-4B10-BE28-04880BE3377C}.Debug|Any CPU.ActiveCfg = Debug|Any CPU
		{92AB27F6-5641-4B10-BE28-04880BE3377C}.Debug|Any CPU.Build.0 = Debug|Any CPU
		{92AB27F6-5641-4B10-BE28-04880BE3377C}.Release|Any CPU.ActiveCfg = Release|Any CPU
		{92AB27F6-5641-4B10-BE28-04880BE3377C}.Release|Any CPU.Build.0 = Release|Any CPU
		{8122F584-D78D-4D3B-8031-462DAAF97E04}.Debug|Any CPU.ActiveCfg = Debug|Any CPU
		{8122F584-D78D-4D3B-8031-462DAAF97E04}.Debug|Any CPU.Build.0 = Debug|Any CPU
		{8122F584-D78D-4D3B-8031-462DAAF97E04}.Release|Any CPU.ActiveCfg = Release|Any CPU
		{8122F584-D78D-4D3B-8031-462DAAF97E04}.Release|Any CPU.Build.0 = Release|Any CPU
		{522FCEA4-9241-4EDC-B4BF-5BA410AE9C2F}.Debug|Any CPU.ActiveCfg = Debug|Any CPU
		{522FCEA4-9241-4EDC-B4BF-5BA410AE9C2F}.Debug|Any CPU.Build.0 = Debug|Any CPU
		{522FCEA4-9241-4EDC-B4BF-5BA410AE9C2F}.Release|Any CPU.ActiveCfg = Release|Any CPU
		{522FCEA4-9241-4EDC-B4BF-5BA410AE9C2F}.Release|Any CPU.Build.0 = Release|Any CPU
		{8B2DD3F5-1DD1-482E-8445-70A3AB6DA44E}.Debug|Any CPU.ActiveCfg = Debug|Any CPU
		{8B2DD3F5-1DD1-482E-8445-70A3AB6DA44E}.Debug|Any CPU.Build.0 = Debug|Any CPU
		{8B2DD3F5-1DD1-482E-8445-70A3AB6DA44E}.Release|Any CPU.ActiveCfg = Release|Any CPU
		{8B2DD3F5-1DD1-482E-8445-70A3AB6DA44E}.Release|Any CPU.Build.0 = Release|Any CPU
		{2CE123C5-601E-4FAA-B72E-D6E39E623541}.Debug|Any CPU.ActiveCfg = Debug|Any CPU
		{2CE123C5-601E-4FAA-B72E-D6E39E623541}.Debug|Any CPU.Build.0 = Debug|Any CPU
		{2CE123C5-601E-4FAA-B72E-D6E39E623541}.Release|Any CPU.ActiveCfg = Release|Any CPU
		{2CE123C5-601E-4FAA-B72E-D6E39E623541}.Release|Any CPU.Build.0 = Release|Any CPU
		{27ACE996-3CCF-45B2-9C76-0C36BBBAFC26}.Debug|Any CPU.ActiveCfg = Debug|Any CPU
		{27ACE996-3CCF-45B2-9C76-0C36BBBAFC26}.Debug|Any CPU.Build.0 = Debug|Any CPU
		{27ACE996-3CCF-45B2-9C76-0C36BBBAFC26}.Release|Any CPU.ActiveCfg = Release|Any CPU
		{27ACE996-3CCF-45B2-9C76-0C36BBBAFC26}.Release|Any CPU.Build.0 = Release|Any CPU
		{B381A946-ACCA-4C53-AF0C-A774D5FF6FD7}.Debug|Any CPU.ActiveCfg = Debug|Any CPU
		{B381A946-ACCA-4C53-AF0C-A774D5FF6FD7}.Debug|Any CPU.Build.0 = Debug|Any CPU
		{B381A946-ACCA-4C53-AF0C-A774D5FF6FD7}.Release|Any CPU.ActiveCfg = Release|Any CPU
		{B381A946-ACCA-4C53-AF0C-A774D5FF6FD7}.Release|Any CPU.Build.0 = Release|Any CPU
		{3817E3A5-EF3D-47C4-B660-45CEAA469E1B}.Debug|Any CPU.ActiveCfg = Debug|Any CPU
		{3817E3A5-EF3D-47C4-B660-45CEAA469E1B}.Debug|Any CPU.Build.0 = Debug|Any CPU
		{3817E3A5-EF3D-47C4-B660-45CEAA469E1B}.Release|Any CPU.ActiveCfg = Release|Any CPU
		{3817E3A5-EF3D-47C4-B660-45CEAA469E1B}.Release|Any CPU.Build.0 = Release|Any CPU
		{A629DC50-4C3A-4741-AD17-782A98775ED8}.Debug|Any CPU.ActiveCfg = Debug|Any CPU
		{A629DC50-4C3A-4741-AD17-782A98775ED8}.Debug|Any CPU.Build.0 = Debug|Any CPU
		{A629DC50-4C3A-4741-AD17-782A98775ED8}.Release|Any CPU.ActiveCfg = Release|Any CPU
		{A629DC50-4C3A-4741-AD17-782A98775ED8}.Release|Any CPU.Build.0 = Release|Any CPU
		{5088B5A5-9FCD-4286-B02D-C8F07F3A7627}.Debug|Any CPU.ActiveCfg = Debug|Any CPU
		{5088B5A5-9FCD-4286-B02D-C8F07F3A7627}.Debug|Any CPU.Build.0 = Debug|Any CPU
		{5088B5A5-9FCD-4286-B02D-C8F07F3A7627}.Release|Any CPU.ActiveCfg = Release|Any CPU
		{5088B5A5-9FCD-4286-B02D-C8F07F3A7627}.Release|Any CPU.Build.0 = Release|Any CPU
		{9447F4E3-6327-4CAE-A8F0-6A1A649A8E69}.Debug|Any CPU.ActiveCfg = Debug|Any CPU
		{9447F4E3-6327-4CAE-A8F0-6A1A649A8E69}.Debug|Any CPU.Build.0 = Debug|Any CPU
		{9447F4E3-6327-4CAE-A8F0-6A1A649A8E69}.Release|Any CPU.ActiveCfg = Release|Any CPU
		{9447F4E3-6327-4CAE-A8F0-6A1A649A8E69}.Release|Any CPU.Build.0 = Release|Any CPU
		{1C1A9EE4-5E80-4DFC-9618-620877D38101}.Debug|Any CPU.ActiveCfg = Debug|Any CPU
		{1C1A9EE4-5E80-4DFC-9618-620877D38101}.Debug|Any CPU.Build.0 = Debug|Any CPU
		{1C1A9EE4-5E80-4DFC-9618-620877D38101}.Release|Any CPU.ActiveCfg = Release|Any CPU
		{1C1A9EE4-5E80-4DFC-9618-620877D38101}.Release|Any CPU.Build.0 = Release|Any CPU
		{C7C52193-8E75-4300-A141-944E596F9866}.Debug|Any CPU.ActiveCfg = Debug|Any CPU
		{C7C52193-8E75-4300-A141-944E596F9866}.Debug|Any CPU.Build.0 = Debug|Any CPU
		{C7C52193-8E75-4300-A141-944E596F9866}.Release|Any CPU.ActiveCfg = Release|Any CPU
		{C7C52193-8E75-4300-A141-944E596F9866}.Release|Any CPU.Build.0 = Release|Any CPU
	EndGlobalSection
	GlobalSection(SolutionProperties) = preSolution
		HideSolutionNode = FALSE
	EndGlobalSection
	GlobalSection(NestedProjects) = preSolution
		{92AB27F6-5641-4B10-BE28-04880BE3377C} = {2ABFE6D3-F6A5-4EAF-A509-655700112214}
		{8122F584-D78D-4D3B-8031-462DAAF97E04} = {2A50C8A1-DBA6-42AF-9B7B-C164B519ED79}
		{522FCEA4-9241-4EDC-B4BF-5BA410AE9C2F} = {D3C42404-6E98-4AE8-92E4-F18B51B13B3A}
		{8B2DD3F5-1DD1-482E-8445-70A3AB6DA44E} = {2ABFE6D3-F6A5-4EAF-A509-655700112214}
		{2CE123C5-601E-4FAA-B72E-D6E39E623541} = {2ABFE6D3-F6A5-4EAF-A509-655700112214}
		{27ACE996-3CCF-45B2-9C76-0C36BBBAFC26} = {2A50C8A1-DBA6-42AF-9B7B-C164B519ED79}
		{B381A946-ACCA-4C53-AF0C-A774D5FF6FD7} = {2A50C8A1-DBA6-42AF-9B7B-C164B519ED79}
		{3817E3A5-EF3D-47C4-B660-45CEAA469E1B} = {2ABFE6D3-F6A5-4EAF-A509-655700112214}
		{A629DC50-4C3A-4741-AD17-782A98775ED8} = {D3C42404-6E98-4AE8-92E4-F18B51B13B3A}
		{5088B5A5-9FCD-4286-B02D-C8F07F3A7627} = {D3C42404-6E98-4AE8-92E4-F18B51B13B3A}
		{9447F4E3-6327-4CAE-A8F0-6A1A649A8E69} = {FE892C8D-FC02-4A4B-B9F3-62894164456F}
		{1C1A9EE4-5E80-4DFC-9618-620877D38101} = {FE892C8D-FC02-4A4B-B9F3-62894164456F}
		{C7C52193-8E75-4300-A141-944E596F9866} = {FE892C8D-FC02-4A4B-B9F3-62894164456F}
	EndGlobalSection
	GlobalSection(ExtensibilityGlobals) = postSolution
		SolutionGuid = {4D2D4C56-77DA-4DED-AC0E-30E4627BAB5F}
	EndGlobalSection
EndGlobal
